// !$*UTF8*$!
{
	archiveVersion = 1;
	classes = {
	};
	objectVersion = 56;
	objects = {

/* Begin PBXBuildFile section */
		78737D0C28F87480008061F0 /* SwiftUIChatApp.swift in Sources */ = {isa = PBXBuildFile; fileRef = 78737D0B28F87480008061F0 /* SwiftUIChatApp.swift */; };
		78737D0E28F87480008061F0 /* ContentView.swift in Sources */ = {isa = PBXBuildFile; fileRef = 78737D0D28F87480008061F0 /* ContentView.swift */; };
		78737D1028F87481008061F0 /* Assets.xcassets in Resources */ = {isa = PBXBuildFile; fileRef = 78737D0F28F87481008061F0 /* Assets.xcassets */; };
		78737D1328F87481008061F0 /* Preview Assets.xcassets in Resources */ = {isa = PBXBuildFile; fileRef = 78737D1228F87481008061F0 /* Preview Assets.xcassets */; };
		78737D1D28F87482008061F0 /* SwiftUIChatTests.swift in Sources */ = {isa = PBXBuildFile; fileRef = 78737D1C28F87482008061F0 /* SwiftUIChatTests.swift */; };
		78737D2728F87482008061F0 /* SwiftUIChatUITests.swift in Sources */ = {isa = PBXBuildFile; fileRef = 78737D2628F87482008061F0 /* SwiftUIChatUITests.swift */; };
		78737D2928F87482008061F0 /* SwiftUIChatUITestsLaunchTests.swift in Sources */ = {isa = PBXBuildFile; fileRef = 78737D2828F87482008061F0 /* SwiftUIChatUITestsLaunchTests.swift */; };
/* End PBXBuildFile section */

/* Begin PBXContainerItemProxy section */
		78737D1928F87482008061F0 /* PBXContainerItemProxy */ = {
			isa = PBXContainerItemProxy;
			containerPortal = 78737D0028F87480008061F0 /* Project object */;
			proxyType = 1;
			remoteGlobalIDString = 78737D0728F87480008061F0;
			remoteInfo = SwiftUIChat;
		};
		78737D2328F87482008061F0 /* PBXContainerItemProxy */ = {
			isa = PBXContainerItemProxy;
			containerPortal = 78737D0028F87480008061F0 /* Project object */;
			proxyType = 1;
			remoteGlobalIDString = 78737D0728F87480008061F0;
			remoteInfo = SwiftUIChat;
		};
/* End PBXContainerItemProxy section */

/* Begin PBXFileReference section */
		78737D0828F87480008061F0 /* SwiftUIChat.app */ = {isa = PBXFileReference; explicitFileType = wrapper.application; includeInIndex = 0; path = SwiftUIChat.app; sourceTree = BUILT_PRODUCTS_DIR; };
		78737D0B28F87480008061F0 /* SwiftUIChatApp.swift */ = {isa = PBXFileReference; lastKnownFileType = sourcecode.swift; path = SwiftUIChatApp.swift; sourceTree = "<group>"; };
		78737D0D28F87480008061F0 /* ContentView.swift */ = {isa = PBXFileReference; lastKnownFileType = sourcecode.swift; path = ContentView.swift; sourceTree = "<group>"; };
		78737D0F28F87481008061F0 /* Assets.xcassets */ = {isa = PBXFileReference; lastKnownFileType = folder.assetcatalog; path = Assets.xcassets; sourceTree = "<group>"; };
		78737D1228F87481008061F0 /* Preview Assets.xcassets */ = {isa = PBXFileReference; lastKnownFileType = folder.assetcatalog; path = "Preview Assets.xcassets"; sourceTree = "<group>"; };
		78737D1828F87482008061F0 /* SwiftUIChatTests.xctest */ = {isa = PBXFileReference; explicitFileType = wrapper.cfbundle; includeInIndex = 0; path = SwiftUIChatTests.xctest; sourceTree = BUILT_PRODUCTS_DIR; };
		78737D1C28F87482008061F0 /* SwiftUIChatTests.swift */ = {isa = PBXFileReference; lastKnownFileType = sourcecode.swift; path = SwiftUIChatTests.swift; sourceTree = "<group>"; };
		78737D2228F87482008061F0 /* SwiftUIChatUITests.xctest */ = {isa = PBXFileReference; explicitFileType = wrapper.cfbundle; includeInIndex = 0; path = SwiftUIChatUITests.xctest; sourceTree = BUILT_PRODUCTS_DIR; };
		78737D2628F87482008061F0 /* SwiftUIChatUITests.swift */ = {isa = PBXFileReference; lastKnownFileType = sourcecode.swift; path = SwiftUIChatUITests.swift; sourceTree = "<group>"; };
		78737D2828F87482008061F0 /* SwiftUIChatUITestsLaunchTests.swift */ = {isa = PBXFileReference; lastKnownFileType = sourcecode.swift; path = SwiftUIChatUITestsLaunchTests.swift; sourceTree = "<group>"; };
/* End PBXFileReference section */

/* Begin PBXFrameworksBuildPhase section */
		78737D0528F87480008061F0 /* Frameworks */ = {
			isa = PBXFrameworksBuildPhase;
			buildActionMask = 2147483647;
			files = (
			);
			runOnlyForDeploymentPostprocessing = 0;
		};
		78737D1528F87482008061F0 /* Frameworks */ = {
			isa = PBXFrameworksBuildPhase;
			buildActionMask = 2147483647;
			files = (
			);
			runOnlyForDeploymentPostprocessing = 0;
		};
		78737D1F28F87482008061F0 /* Frameworks */ = {
			isa = PBXFrameworksBuildPhase;
			buildActionMask = 2147483647;
			files = (
			);
			runOnlyForDeploymentPostprocessing = 0;
		};
/* End PBXFrameworksBuildPhase section */

/* Begin PBXGroup section */
		78737CFF28F87480008061F0 = {
			isa = PBXGroup;
			children = (
				78737D0A28F87480008061F0 /* SwiftUIChat */,
				78737D1B28F87482008061F0 /* SwiftUIChatTests */,
				78737D2528F87482008061F0 /* SwiftUIChatUITests */,
				78737D0928F87480008061F0 /* Products */,
			);
			sourceTree = "<group>";
		};
		78737D0928F87480008061F0 /* Products */ = {
			isa = PBXGroup;
			children = (
				78737D0828F87480008061F0 /* SwiftUIChat.app */,
				78737D1828F87482008061F0 /* SwiftUIChatTests.xctest */,
				78737D2228F87482008061F0 /* SwiftUIChatUITests.xctest */,
			);
			name = Products;
			sourceTree = "<group>";
		};
		78737D0A28F87480008061F0 /* SwiftUIChat */ = {
			isa = PBXGroup;
			children = (
				78737D0B28F87480008061F0 /* SwiftUIChatApp.swift */,
				78737D0D28F87480008061F0 /* ContentView.swift */,
				78737D0F28F87481008061F0 /* Assets.xcassets */,
				78737D1128F87481008061F0 /* Preview Content */,
			);
			path = SwiftUIChat;
			sourceTree = "<group>";
		};
		78737D1128F87481008061F0 /* Preview Content */ = {
			isa = PBXGroup;
			children = (
				78737D1228F87481008061F0 /* Preview Assets.xcassets */,
			);
			path = "Preview Content";
			sourceTree = "<group>";
		};
		78737D1B28F87482008061F0 /* SwiftUIChatTests */ = {
			isa = PBXGroup;
			children = (
				78737D1C28F87482008061F0 /* SwiftUIChatTests.swift */,
			);
			path = SwiftUIChatTests;
			sourceTree = "<group>";
		};
		78737D2528F87482008061F0 /* SwiftUIChatUITests */ = {
			isa = PBXGroup;
			children = (
				78737D2628F87482008061F0 /* SwiftUIChatUITests.swift */,
				78737D2828F87482008061F0 /* SwiftUIChatUITestsLaunchTests.swift */,
			);
			path = SwiftUIChatUITests;
			sourceTree = "<group>";
		};
/* End PBXGroup section */

/* Begin PBXNativeTarget section */
		78737D0728F87480008061F0 /* SwiftUIChat */ = {
			isa = PBXNativeTarget;
			buildConfigurationList = 78737D2C28F87482008061F0 /* Build configuration list for PBXNativeTarget "SwiftUIChat" */;
			buildPhases = (
				78737D0428F87480008061F0 /* Sources */,
				78737D0528F87480008061F0 /* Frameworks */,
				78737D0628F87480008061F0 /* Resources */,
			);
			buildRules = (
			);
			dependencies = (
			);
			name = SwiftUIChat;
			productName = SwiftUIChat;
			productReference = 78737D0828F87480008061F0 /* SwiftUIChat.app */;
			productType = "com.apple.product-type.application";
		};
		78737D1728F87482008061F0 /* SwiftUIChatTests */ = {
			isa = PBXNativeTarget;
			buildConfigurationList = 78737D2F28F87482008061F0 /* Build configuration list for PBXNativeTarget "SwiftUIChatTests" */;
			buildPhases = (
				78737D1428F87482008061F0 /* Sources */,
				78737D1528F87482008061F0 /* Frameworks */,
				78737D1628F87482008061F0 /* Resources */,
			);
			buildRules = (
			);
			dependencies = (
				78737D1A28F87482008061F0 /* PBXTargetDependency */,
			);
			name = SwiftUIChatTests;
			productName = SwiftUIChatTests;
			productReference = 78737D1828F87482008061F0 /* SwiftUIChatTests.xctest */;
			productType = "com.apple.product-type.bundle.unit-test";
		};
		78737D2128F87482008061F0 /* SwiftUIChatUITests */ = {
			isa = PBXNativeTarget;
			buildConfigurationList = 78737D3228F87482008061F0 /* Build configuration list for PBXNativeTarget "SwiftUIChatUITests" */;
			buildPhases = (
				78737D1E28F87482008061F0 /* Sources */,
				78737D1F28F87482008061F0 /* Frameworks */,
				78737D2028F87482008061F0 /* Resources */,
			);
			buildRules = (
			);
			dependencies = (
				78737D2428F87482008061F0 /* PBXTargetDependency */,
			);
			name = SwiftUIChatUITests;
			productName = SwiftUIChatUITests;
			productReference = 78737D2228F87482008061F0 /* SwiftUIChatUITests.xctest */;
			productType = "com.apple.product-type.bundle.ui-testing";
		};
/* End PBXNativeTarget section */

/* Begin PBXProject section */
		78737D0028F87480008061F0 /* Project object */ = {
			isa = PBXProject;
			attributes = {
				BuildIndependentTargetsInParallel = 1;
				LastSwiftUpdateCheck = 1400;
				LastUpgradeCheck = 1400;
				TargetAttributes = {
					78737D0728F87480008061F0 = {
						CreatedOnToolsVersion = 14.0.1;
					};
					78737D1728F87482008061F0 = {
						CreatedOnToolsVersion = 14.0.1;
						TestTargetID = 78737D0728F87480008061F0;
					};
					78737D2128F87482008061F0 = {
						CreatedOnToolsVersion = 14.0.1;
						TestTargetID = 78737D0728F87480008061F0;
					};
				};
			};
			buildConfigurationList = 78737D0328F87480008061F0 /* Build configuration list for PBXProject "SwiftUIChat" */;
			compatibilityVersion = "Xcode 14.0";
			developmentRegion = en;
			hasScannedForEncodings = 0;
			knownRegions = (
				en,
				Base,
			);
			mainGroup = 78737CFF28F87480008061F0;
			productRefGroup = 78737D0928F87480008061F0 /* Products */;
			projectDirPath = "";
			projectRoot = "";
			targets = (
				78737D0728F87480008061F0 /* SwiftUIChat */,
				78737D1728F87482008061F0 /* SwiftUIChatTests */,
				78737D2128F87482008061F0 /* SwiftUIChatUITests */,
			);
		};
/* End PBXProject section */

/* Begin PBXResourcesBuildPhase section */
		78737D0628F87480008061F0 /* Resources */ = {
			isa = PBXResourcesBuildPhase;
			buildActionMask = 2147483647;
			files = (
				78737D1328F87481008061F0 /* Preview Assets.xcassets in Resources */,
				78737D1028F87481008061F0 /* Assets.xcassets in Resources */,
			);
			runOnlyForDeploymentPostprocessing = 0;
		};
		78737D1628F87482008061F0 /* Resources */ = {
			isa = PBXResourcesBuildPhase;
			buildActionMask = 2147483647;
			files = (
			);
			runOnlyForDeploymentPostprocessing = 0;
		};
		78737D2028F87482008061F0 /* Resources */ = {
			isa = PBXResourcesBuildPhase;
			buildActionMask = 2147483647;
			files = (
			);
			runOnlyForDeploymentPostprocessing = 0;
		};
/* End PBXResourcesBuildPhase section */

/* Begin PBXSourcesBuildPhase section */
		78737D0428F87480008061F0 /* Sources */ = {
			isa = PBXSourcesBuildPhase;
			buildActionMask = 2147483647;
			files = (
				78737D0E28F87480008061F0 /* ContentView.swift in Sources */,
				78737D0C28F87480008061F0 /* SwiftUIChatApp.swift in Sources */,
			);
			runOnlyForDeploymentPostprocessing = 0;
		};
		78737D1428F87482008061F0 /* Sources */ = {
			isa = PBXSourcesBuildPhase;
			buildActionMask = 2147483647;
			files = (
				78737D1D28F87482008061F0 /* SwiftUIChatTests.swift in Sources */,
			);
			runOnlyForDeploymentPostprocessing = 0;
		};
		78737D1E28F87482008061F0 /* Sources */ = {
			isa = PBXSourcesBuildPhase;
			buildActionMask = 2147483647;
			files = (
				78737D2928F87482008061F0 /* SwiftUIChatUITestsLaunchTests.swift in Sources */,
				78737D2728F87482008061F0 /* SwiftUIChatUITests.swift in Sources */,
			);
			runOnlyForDeploymentPostprocessing = 0;
		};
/* End PBXSourcesBuildPhase section */

/* Begin PBXTargetDependency section */
		78737D1A28F87482008061F0 /* PBXTargetDependency */ = {
			isa = PBXTargetDependency;
			target = 78737D0728F87480008061F0 /* SwiftUIChat */;
			targetProxy = 78737D1928F87482008061F0 /* PBXContainerItemProxy */;
		};
		78737D2428F87482008061F0 /* PBXTargetDependency */ = {
			isa = PBXTargetDependency;
			target = 78737D0728F87480008061F0 /* SwiftUIChat */;
			targetProxy = 78737D2328F87482008061F0 /* PBXContainerItemProxy */;
		};
/* End PBXTargetDependency section */

/* Begin XCBuildConfiguration section */
		78737D2A28F87482008061F0 /* Debug */ = {
			isa = XCBuildConfiguration;
			buildSettings = {
				ALWAYS_SEARCH_USER_PATHS = NO;
				CLANG_ANALYZER_NONNULL = YES;
				CLANG_ANALYZER_NUMBER_OBJECT_CONVERSION = YES_AGGRESSIVE;
				CLANG_CXX_LANGUAGE_STANDARD = "gnu++20";
				CLANG_ENABLE_MODULES = YES;
				CLANG_ENABLE_OBJC_ARC = YES;
				CLANG_ENABLE_OBJC_WEAK = YES;
				CLANG_WARN_BLOCK_CAPTURE_AUTORELEASING = YES;
				CLANG_WARN_BOOL_CONVERSION = YES;
				CLANG_WARN_COMMA = YES;
				CLANG_WARN_CONSTANT_CONVERSION = YES;
				CLANG_WARN_DEPRECATED_OBJC_IMPLEMENTATIONS = YES;
				CLANG_WARN_DIRECT_OBJC_ISA_USAGE = YES_ERROR;
				CLANG_WARN_DOCUMENTATION_COMMENTS = YES;
				CLANG_WARN_EMPTY_BODY = YES;
				CLANG_WARN_ENUM_CONVERSION = YES;
				CLANG_WARN_INFINITE_RECURSION = YES;
				CLANG_WARN_INT_CONVERSION = YES;
				CLANG_WARN_NON_LITERAL_NULL_CONVERSION = YES;
				CLANG_WARN_OBJC_IMPLICIT_RETAIN_SELF = YES;
				CLANG_WARN_OBJC_LITERAL_CONVERSION = YES;
				CLANG_WARN_OBJC_ROOT_CLASS = YES_ERROR;
				CLANG_WARN_QUOTED_INCLUDE_IN_FRAMEWORK_HEADER = YES;
				CLANG_WARN_RANGE_LOOP_ANALYSIS = YES;
				CLANG_WARN_STRICT_PROTOTYPES = YES;
				CLANG_WARN_SUSPICIOUS_MOVE = YES;
				CLANG_WARN_UNGUARDED_AVAILABILITY = YES_AGGRESSIVE;
				CLANG_WARN_UNREACHABLE_CODE = YES;
				CLANG_WARN__DUPLICATE_METHOD_MATCH = YES;
				COPY_PHASE_STRIP = NO;
				DEBUG_INFORMATION_FORMAT = dwarf;
				ENABLE_STRICT_OBJC_MSGSEND = YES;
				ENABLE_TESTABILITY = YES;
				GCC_C_LANGUAGE_STANDARD = gnu11;
				GCC_DYNAMIC_NO_PIC = NO;
				GCC_NO_COMMON_BLOCKS = YES;
				GCC_OPTIMIZATION_LEVEL = 0;
				GCC_PREPROCESSOR_DEFINITIONS = (
					"DEBUG=1",
					"$(inherited)",
				);
				GCC_WARN_64_TO_32_BIT_CONVERSION = YES;
				GCC_WARN_ABOUT_RETURN_TYPE = YES_ERROR;
				GCC_WARN_UNDECLARED_SELECTOR = YES;
				GCC_WARN_UNINITIALIZED_AUTOS = YES_AGGRESSIVE;
				GCC_WARN_UNUSED_FUNCTION = YES;
				GCC_WARN_UNUSED_VARIABLE = YES;
				IPHONEOS_DEPLOYMENT_TARGET = 16.0;
				MTL_ENABLE_DEBUG_INFO = INCLUDE_SOURCE;
				MTL_FAST_MATH = YES;
				ONLY_ACTIVE_ARCH = YES;
				SDKROOT = iphoneos;
				SWIFT_ACTIVE_COMPILATION_CONDITIONS = DEBUG;
				SWIFT_OPTIMIZATION_LEVEL = "-Onone";
			};
			name = Debug;
		};
		78737D2B28F87482008061F0 /* Release */ = {
			isa = XCBuildConfiguration;
			buildSettings = {
				ALWAYS_SEARCH_USER_PATHS = NO;
				CLANG_ANALYZER_NONNULL = YES;
				CLANG_ANALYZER_NUMBER_OBJECT_CONVERSION = YES_AGGRESSIVE;
				CLANG_CXX_LANGUAGE_STANDARD = "gnu++20";
				CLANG_ENABLE_MODULES = YES;
				CLANG_ENABLE_OBJC_ARC = YES;
				CLANG_ENABLE_OBJC_WEAK = YES;
				CLANG_WARN_BLOCK_CAPTURE_AUTORELEASING = YES;
				CLANG_WARN_BOOL_CONVERSION = YES;
				CLANG_WARN_COMMA = YES;
				CLANG_WARN_CONSTANT_CONVERSION = YES;
				CLANG_WARN_DEPRECATED_OBJC_IMPLEMENTATIONS = YES;
				CLANG_WARN_DIRECT_OBJC_ISA_USAGE = YES_ERROR;
				CLANG_WARN_DOCUMENTATION_COMMENTS = YES;
				CLANG_WARN_EMPTY_BODY = YES;
				CLANG_WARN_ENUM_CONVERSION = YES;
				CLANG_WARN_INFINITE_RECURSION = YES;
				CLANG_WARN_INT_CONVERSION = YES;
				CLANG_WARN_NON_LITERAL_NULL_CONVERSION = YES;
				CLANG_WARN_OBJC_IMPLICIT_RETAIN_SELF = YES;
				CLANG_WARN_OBJC_LITERAL_CONVERSION = YES;
				CLANG_WARN_OBJC_ROOT_CLASS = YES_ERROR;
				CLANG_WARN_QUOTED_INCLUDE_IN_FRAMEWORK_HEADER = YES;
				CLANG_WARN_RANGE_LOOP_ANALYSIS = YES;
				CLANG_WARN_STRICT_PROTOTYPES = YES;
				CLANG_WARN_SUSPICIOUS_MOVE = YES;
				CLANG_WARN_UNGUARDED_AVAILABILITY = YES_AGGRESSIVE;
				CLANG_WARN_UNREACHABLE_CODE = YES;
				CLANG_WARN__DUPLICATE_METHOD_MATCH = YES;
				COPY_PHASE_STRIP = NO;
				DEBUG_INFORMATION_FORMAT = "dwarf-with-dsym";
				ENABLE_NS_ASSERTIONS = NO;
				ENABLE_STRICT_OBJC_MSGSEND = YES;
				GCC_C_LANGUAGE_STANDARD = gnu11;
				GCC_NO_COMMON_BLOCKS = YES;
				GCC_WARN_64_TO_32_BIT_CONVERSION = YES;
				GCC_WARN_ABOUT_RETURN_TYPE = YES_ERROR;
				GCC_WARN_UNDECLARED_SELECTOR = YES;
				GCC_WARN_UNINITIALIZED_AUTOS = YES_AGGRESSIVE;
				GCC_WARN_UNUSED_FUNCTION = YES;
				GCC_WARN_UNUSED_VARIABLE = YES;
				IPHONEOS_DEPLOYMENT_TARGET = 16.0;
				MTL_ENABLE_DEBUG_INFO = NO;
				MTL_FAST_MATH = YES;
				SDKROOT = iphoneos;
				SWIFT_COMPILATION_MODE = wholemodule;
				SWIFT_OPTIMIZATION_LEVEL = "-O";
				VALIDATE_PRODUCT = YES;
			};
			name = Release;
		};
		78737D2D28F87482008061F0 /* Debug */ = {
			isa = XCBuildConfiguration;
			buildSettings = {
				ASSETCATALOG_COMPILER_APPICON_NAME = AppIcon;
				ASSETCATALOG_COMPILER_GLOBAL_ACCENT_COLOR_NAME = AccentColor;
				CODE_SIGN_STYLE = Automatic;
				CURRENT_PROJECT_VERSION = 1;
				DEVELOPMENT_ASSET_PATHS = "\"SwiftUIChat/Preview Content\"";
				DEVELOPMENT_TEAM = ANT9H9LV94;
				ENABLE_PREVIEWS = YES;
				GENERATE_INFOPLIST_FILE = YES;
				INFOPLIST_KEY_UIApplicationSceneManifest_Generation = YES;
				INFOPLIST_KEY_UIApplicationSupportsIndirectInputEvents = YES;
				INFOPLIST_KEY_UILaunchScreen_Generation = YES;
				INFOPLIST_KEY_UISupportedInterfaceOrientations_iPad = "UIInterfaceOrientationPortrait UIInterfaceOrientationPortraitUpsideDown UIInterfaceOrientationLandscapeLeft UIInterfaceOrientationLandscapeRight";
				INFOPLIST_KEY_UISupportedInterfaceOrientations_iPhone = "UIInterfaceOrientationPortrait UIInterfaceOrientationLandscapeLeft UIInterfaceOrientationLandscapeRight";
				LD_RUNPATH_SEARCH_PATHS = (
					"$(inherited)",
					"@executable_path/Frameworks",
				);
				MARKETING_VERSION = 1.0;
				PRODUCT_BUNDLE_IDENTIFIER = CSAMSO.SwiftUIChat;
				PRODUCT_NAME = "$(TARGET_NAME)";
				SWIFT_EMIT_LOC_STRINGS = YES;
				SWIFT_VERSION = 5.0;
				TARGETED_DEVICE_FAMILY = "1,2";
			};
			name = Debug;
		};
		78737D2E28F87482008061F0 /* Release */ = {
			isa = XCBuildConfiguration;
			buildSettings = {
				ASSETCATALOG_COMPILER_APPICON_NAME = AppIcon;
				ASSETCATALOG_COMPILER_GLOBAL_ACCENT_COLOR_NAME = AccentColor;
				CODE_SIGN_STYLE = Automatic;
				CURRENT_PROJECT_VERSION = 1;
				DEVELOPMENT_ASSET_PATHS = "\"SwiftUIChat/Preview Content\"";
				DEVELOPMENT_TEAM = ANT9H9LV94;
				ENABLE_PREVIEWS = YES;
				GENERATE_INFOPLIST_FILE = YES;
				INFOPLIST_KEY_UIApplicationSceneManifest_Generation = YES;
				INFOPLIST_KEY_UIApplicationSupportsIndirectInputEvents = YES;
				INFOPLIST_KEY_UILaunchScreen_Generation = YES;
				INFOPLIST_KEY_UISupportedInterfaceOrientations_iPad = "UIInterfaceOrientationPortrait UIInterfaceOrientationPortraitUpsideDown UIInterfaceOrientationLandscapeLeft UIInterfaceOrientationLandscapeRight";
				INFOPLIST_KEY_UISupportedInterfaceOrientations_iPhone = "UIInterfaceOrientationPortrait UIInterfaceOrientationLandscapeLeft UIInterfaceOrientationLandscapeRight";
				LD_RUNPATH_SEARCH_PATHS = (
					"$(inherited)",
					"@executable_path/Frameworks",
				);
				MARKETING_VERSION = 1.0;
				PRODUCT_BUNDLE_IDENTIFIER = CSAMSO.SwiftUIChat;
				PRODUCT_NAME = "$(TARGET_NAME)";
				SWIFT_EMIT_LOC_STRINGS = YES;
				SWIFT_VERSION = 5.0;
				TARGETED_DEVICE_FAMILY = "1,2";
			};
			name = Release;
		};
		78737D3028F87482008061F0 /* Debug */ = {
			isa = XCBuildConfiguration;
			buildSettings = {
				ALWAYS_EMBED_SWIFT_STANDARD_LIBRARIES = YES;
				BUNDLE_LOADER = "$(TEST_HOST)";
				CODE_SIGN_STYLE = Automatic;
				CURRENT_PROJECT_VERSION = 1;
				DEVELOPMENT_TEAM = ANT9H9LV94;
				GENERATE_INFOPLIST_FILE = YES;
				IPHONEOS_DEPLOYMENT_TARGET = 16.0;
				MARKETING_VERSION = 1.0;
				PRODUCT_BUNDLE_IDENTIFIER = CSAMSO.SwiftUIChatTests;
				PRODUCT_NAME = "$(TARGET_NAME)";
				SWIFT_EMIT_LOC_STRINGS = NO;
				SWIFT_VERSION = 5.0;
				TARGETED_DEVICE_FAMILY = "1,2";
				TEST_HOST = "$(BUILT_PRODUCTS_DIR)/SwiftUIChat.app/$(BUNDLE_EXECUTABLE_FOLDER_PATH)/SwiftUIChat";
			};
			name = Debug;
		};
		78737D3128F87482008061F0 /* Release */ = {
			isa = XCBuildConfiguration;
			buildSettings = {
				ALWAYS_EMBED_SWIFT_STANDARD_LIBRARIES = YES;
				BUNDLE_LOADER = "$(TEST_HOST)";
				CODE_SIGN_STYLE = Automatic;
				CURRENT_PROJECT_VERSION = 1;
				DEVELOPMENT_TEAM = ANT9H9LV94;
				GENERATE_INFOPLIST_FILE = YES;
				IPHONEOS_DEPLOYMENT_TARGET = 16.0;
				MARKETING_VERSION = 1.0;
				PRODUCT_BUNDLE_IDENTIFIER = CSAMSO.SwiftUIChatTests;
				PRODUCT_NAME = "$(TARGET_NAME)";
				SWIFT_EMIT_LOC_STRINGS = NO;
				SWIFT_VERSION = 5.0;
				TARGETED_DEVICE_FAMILY = "1,2";
				TEST_HOST = "$(BUILT_PRODUCTS_DIR)/SwiftUIChat.app/$(BUNDLE_EXECUTABLE_FOLDER_PATH)/SwiftUIChat";
			};
			name = Release;
		};
		78737D3328F87482008061F0 /* Debug */ = {
			isa = XCBuildConfiguration;
			buildSettings = {
				ALWAYS_EMBED_SWIFT_STANDARD_LIBRARIES = YES;
				CODE_SIGN_STYLE = Automatic;
				CURRENT_PROJECT_VERSION = 1;
				DEVELOPMENT_TEAM = ANT9H9LV94;
				GENERATE_INFOPLIST_FILE = YES;
				MARKETING_VERSION = 1.0;
				PRODUCT_BUNDLE_IDENTIFIER = CSAMSO.SwiftUIChatUITests;
				PRODUCT_NAME = "$(TARGET_NAME)";
				SWIFT_EMIT_LOC_STRINGS = NO;
				SWIFT_VERSION = 5.0;
				TARGETED_DEVICE_FAMILY = "1,2";
				TEST_TARGET_NAME = SwiftUIChat;
			};
			name = Debug;
		};
		78737D3428F87482008061F0 /* Release */ = {
			isa = XCBuildConfiguration;
			buildSettings = {
				ALWAYS_EMBED_SWIFT_STANDARD_LIBRARIES = YES;
				CODE_SIGN_STYLE = Automatic;
				CURRENT_PROJECT_VERSION = 1;
				DEVELOPMENT_TEAM = ANT9H9LV94;
				GENERATE_INFOPLIST_FILE = YES;
				MARKETING_VERSION = 1.0;
				PRODUCT_BUNDLE_IDENTIFIER = CSAMSO.SwiftUIChatUITests;
				PRODUCT_NAME = "$(TARGET_NAME)";
				SWIFT_EMIT_LOC_STRINGS = NO;
				SWIFT_VERSION = 5.0;
				TARGETED_DEVICE_FAMILY = "1,2";
				TEST_TARGET_NAME = SwiftUIChat;
			};
			name = Release;
		};
/* End XCBuildConfiguration section */

/* Begin XCConfigurationList section */
		78737D0328F87480008061F0 /* Build configuration list for PBXProject "SwiftUIChat" */ = {
			isa = XCConfigurationList;
			buildConfigurations = (
				78737D2A28F87482008061F0 /* Debug */,
				78737D2B28F87482008061F0 /* Release */,
			);
			defaultConfigurationIsVisible = 0;
			defaultConfigurationName = Release;
		};
		78737D2C28F87482008061F0 /* Build configuration list for PBXNativeTarget "SwiftUIChat" */ = {
			isa = XCConfigurationList;
			buildConfigurations = (
				78737D2D28F87482008061F0 /* Debug */,
				78737D2E28F87482008061F0 /* Release */,
			);
			defaultConfigurationIsVisible = 0;
			defaultConfigurationName = Release;
		};
		78737D2F28F87482008061F0 /* Build configuration list for PBXNativeTarget "SwiftUIChatTests" */ = {
			isa = XCConfigurationList;
			buildConfigurations = (
				78737D3028F87482008061F0 /* Debug */,
				78737D3128F87482008061F0 /* Release */,
			);
			defaultConfigurationIsVisible = 0;
			defaultConfigurationName = Release;
		};
		78737D3228F87482008061F0 /* Build configuration list for PBXNativeTarget "SwiftUIChatUITests" */ = {
			isa = XCConfigurationList;
			buildConfigurations = (
				78737D3328F87482008061F0 /* Debug */,
				78737D3428F87482008061F0 /* Release */,
			);
			defaultConfigurationIsVisible = 0;
			defaultConfigurationName = Release;
		};
/* End XCConfigurationList section */
	};
	rootObject = 78737D0028F87480008061F0 /* Project object */;
}
